
Microsoft Visual Studio Solution File, Format Version 12.00
# Visual Studio Version 17
VisualStudioVersion = 17.4.33213.308
MinimumVisualStudioVersion = 10.0.40219.1
Project("{888888A0-9F3D-457C-B088-3A5042F75D52}") = "lovecalculator", "lovecalculator\lovecalculator.pyproj", "{FEAD5454-7ADC-4AD0-9FC7-92EA81D8D495}"
EndProject
Global
	GlobalSection(SolutionConfigurationPlatforms) = preSolution
		Debug|Any CPU = Debug|Any CPU
		Release|Any CPU = Release|Any CPU
	EndGlobalSection
	GlobalSection(ProjectConfigurationPlatforms) = postSolution
		{FEAD5454-7ADC-4AD0-9FC7-92EA81D8D495}.Debug|Any CPU.ActiveCfg = Debug|Any CPU
		{FEAD5454-7ADC-4AD0-9FC7-92EA81D8D495}.Release|Any CPU.ActiveCfg = Release|Any CPU
	EndGlobalSection
	GlobalSection(SolutionProperties) = preSolution
		HideSolutionNode = FALSE
	EndGlobalSection
	GlobalSection(ExtensibilityGlobals) = postSolution
		SolutionGuid = {25B8F836-B27F-4E59-AD2C-80981795856B}
	EndGlobalSection
EndGlobal
