
Microsoft Visual Studio Solution File, Format Version 12.00
# Visual Studio Version 17
VisualStudioVersion = 17.4.33213.308
MinimumVisualStudioVersion = 10.0.40219.1
Project("{888888A0-9F3D-457C-B088-3A5042F75D52}") = "loops", "loops\loops.pyproj", "{7342030C-074D-4BC1-BD87-C8155E1E251D}"
EndProject
Global
	GlobalSection(SolutionConfigurationPlatforms) = preSolution
		Debug|Any CPU = Debug|Any CPU
		Release|Any CPU = Release|Any CPU
	EndGlobalSection
	GlobalSection(ProjectConfigurationPlatforms) = postSolution
		{7342030C-074D-4BC1-BD87-C8155E1E251D}.Debug|Any CPU.ActiveCfg = Debug|Any CPU
		{7342030C-074D-4BC1-BD87-C8155E1E251D}.Release|Any CPU.ActiveCfg = Release|Any CPU
	EndGlobalSection
	GlobalSection(SolutionProperties) = preSolution
		HideSolutionNode = FALSE
	EndGlobalSection
	GlobalSection(ExtensibilityGlobals) = postSolution
		SolutionGuid = {26B06D18-8BDA-4384-A498-5BDAF56D1995}
	EndGlobalSection
EndGlobal
